<?xml version="1.0" encoding="utf-8"?>
<Project ToolsVersion="4.0" xmlns="http://schemas.microsoft.com/developer/msbuild/2003">
  <ItemGroup>
    <ClCompile Include="src\game-of-life.cpp" />
    <ClCompile Include="dep\imgui\imgui.cpp" />
    <ClCompile Include="dep\imgui\imgui_demo.cpp" />
    <ClCompile Include="dep\imgui\imgui_draw.cpp" />
    <ClCompile Include="dep\imgui\imgui_stdlib.cpp" />
    <ClCompile Include="dep\imgui\imgui_tables.cpp" />
    <ClCompile Include="dep\imgui\imgui_widgets.cpp" />
    <ClCompile Include="dep\rlimgui\rlImGui.cpp" />
    <ClCompile Include="src\main.cpp" />
    <ClCompile Include="src\grid.cpp" />
  </ItemGroup>
  <ItemGroup>
    <None Include="README.md" />
  </ItemGroup>
  <ItemGroup>
    <ClInclude Include="dep\include\imconfig.h" />
    <ClInclude Include="dep\include\imgui.h" />
    <ClInclude Include="dep\include\imgui_internal.h" />
    <ClInclude Include="dep\include\imgui_stdlib.h" />
    <ClInclude Include="dep\include\imstb_rectpack.h" />
    <ClInclude Include="dep\include\imstb_textedit.h" />
    <ClInclude Include="dep\include\imstb_truetype.h" />
    <ClInclude Include="dep\include\extras\FA6FreeSolidFontData.h" />
    <ClInclude Include="dep\include\extras\IconsFontAwesome6.h" />
    <ClInclude Include="dep\include\imgui_impl_raylib.h" />
    <ClInclude Include="dep\include\rlImGui.h" />
    <ClInclude Include="dep\include\rlImGuiColors.h" />
    <ClInclude Include="src\game-of-life.h" />
  </ItemGroup>
</Project>